
Microsoft Visual Studio Solution File, Format Version 12.00
# Visual Studio Version 17
VisualStudioVersion = 17.9.34902.65
MinimumVisualStudioVersion = 10.0.40219.1
Project("{FAE04EC0-301F-11D3-BF4B-00C04F79EFBC}") = "LanchesSaq", "LanchesSaq\LanchesSaq.csproj", "{2A6916AD-DFFA-432E-874B-0C4683CB960C}"
EndProject
Global
	GlobalSection(SolutionConfigurationPlatforms) = preSolution
		Debug|Any CPU = Debug|Any CPU
		Release|Any CPU = Release|Any CPU
	EndGlobalSection
	GlobalSection(ProjectConfigurationPlatforms) = postSolution
		{2A6916AD-DFFA-432E-874B-0C4683CB960C}.Debug|Any CPU.ActiveCfg = Debug|Any CPU
		{2A6916AD-DFFA-432E-874B-0C4683CB960C}.Debug|Any CPU.Build.0 = Debug|Any CPU
		{2A6916AD-DFFA-432E-874B-0C4683CB960C}.Release|Any CPU.ActiveCfg = Release|Any CPU
		{2A6916AD-DFFA-432E-874B-0C4683CB960C}.Release|Any CPU.Build.0 = Release|Any CPU
	EndGlobalSection
	GlobalSection(SolutionProperties) = preSolution
		HideSolutionNode = FALSE
	EndGlobalSection
	GlobalSection(ExtensibilityGlobals) = postSolution
		SolutionGuid = {C2359385-7F07-4FF8-A33A-97F8EDE5660F}
	EndGlobalSection
EndGlobal
